
Microsoft Visual Studio Solution File, Format Version 12.00
# Visual Studio Version 17
VisualStudioVersion = 17.8.34330.188
MinimumVisualStudioVersion = 10.0.40219.1
Project("{8BC9CEB8-8B4A-11D0-8D11-00A0C91BC942}") = "лямбда_функції", "лямбда_функції\лямбда_функції.vcxproj", "{58CF03A8-0C5B-40A5-9913-7A4B62088446}"
EndProject
Global
	GlobalSection(SolutionConfigurationPlatforms) = preSolution
		Debug|x64 = Debug|x64
		Debug|x86 = Debug|x86
		Release|x64 = Release|x64
		Release|x86 = Release|x86
	EndGlobalSection
	GlobalSection(ProjectConfigurationPlatforms) = postSolution
		{58CF03A8-0C5B-40A5-9913-7A4B62088446}.Debug|x64.ActiveCfg = Debug|x64
		{58CF03A8-0C5B-40A5-9913-7A4B62088446}.Debug|x64.Build.0 = Debug|x64
		{58CF03A8-0C5B-40A5-9913-7A4B62088446}.Debug|x86.ActiveCfg = Debug|Win32
		{58CF03A8-0C5B-40A5-9913-7A4B62088446}.Debug|x86.Build.0 = Debug|Win32
		{58CF03A8-0C5B-40A5-9913-7A4B62088446}.Release|x64.ActiveCfg = Release|x64
		{58CF03A8-0C5B-40A5-9913-7A4B62088446}.Release|x64.Build.0 = Release|x64
		{58CF03A8-0C5B-40A5-9913-7A4B62088446}.Release|x86.ActiveCfg = Release|Win32
		{58CF03A8-0C5B-40A5-9913-7A4B62088446}.Release|x86.Build.0 = Release|Win32
	EndGlobalSection
	GlobalSection(SolutionProperties) = preSolution
		HideSolutionNode = FALSE
	EndGlobalSection
	GlobalSection(ExtensibilityGlobals) = postSolution
		SolutionGuid = {217ABF85-B985-481E-AA1D-25A5E2C54C1A}
	EndGlobalSection
EndGlobal
